
Microsoft Visual Studio Solution File, Format Version 12.00
# Visual Studio Version 16
VisualStudioVersion = 16.0.28803.156
MinimumVisualStudioVersion = 10.0.40219.1
Project("{FAE04EC0-301F-11D3-BF4B-00C04F79EFBC}") = "LexicalAnalyzerv1_0", "LexicalAnalyzerv1_0\LexicalAnalyzerv1_0.csproj", "{1525A16B-CA57-43CC-8B23-91D90AD59287}"
EndProject
Global
	GlobalSection(SolutionConfigurationPlatforms) = preSolution
		Debug|Any CPU = Debug|Any CPU
		Release|Any CPU = Release|Any CPU
	EndGlobalSection
	GlobalSection(ProjectConfigurationPlatforms) = postSolution
		{1525A16B-CA57-43CC-8B23-91D90AD59287}.Debug|Any CPU.ActiveCfg = Debug|Any CPU
		{1525A16B-CA57-43CC-8B23-91D90AD59287}.Debug|Any CPU.Build.0 = Debug|Any CPU
		{1525A16B-CA57-43CC-8B23-91D90AD59287}.Release|Any CPU.ActiveCfg = Release|Any CPU
		{1525A16B-CA57-43CC-8B23-91D90AD59287}.Release|Any CPU.Build.0 = Release|Any CPU
	EndGlobalSection
	GlobalSection(SolutionProperties) = preSolution
		HideSolutionNode = FALSE
	EndGlobalSection
	GlobalSection(ExtensibilityGlobals) = postSolution
		SolutionGuid = {2BE23273-F4D4-445B-B65F-B303E3A8A426}
	EndGlobalSection
EndGlobal
